// !$*UTF8*$!
{
	archiveVersion = 1;
	classes = {
	};
	objectVersion = 50;
	objects = {

/* Begin PBXBuildFile section */
		08F727BD24EF6E600044BF5A /* AppDelegate.m in Sources */ = {isa = PBXBuildFile; fileRef = 08F727BC24EF6E600044BF5A /* AppDelegate.m */; };
		08F727C024EF6E600044BF5A /* SceneDelegate.m in Sources */ = {isa = PBXBuildFile; fileRef = 08F727BF24EF6E600044BF5A /* SceneDelegate.m */; };
		08F727C324EF6E600044BF5A /* ViewController.m in Sources */ = {isa = PBXBuildFile; fileRef = 08F727C224EF6E600044BF5A /* ViewController.m */; };
		08F727C624EF6E600044BF5A /* Main.storyboard in Resources */ = {isa = PBXBuildFile; fileRef = 08F727C424EF6E600044BF5A /* Main.storyboard */; };
		08F727C824EF6E630044BF5A /* Assets.xcassets in Resources */ = {isa = PBXBuildFile; fileRef = 08F727C724EF6E630044BF5A /* Assets.xcassets */; };
		08F727CB24EF6E630044BF5A /* LaunchScreen.storyboard in Resources */ = {isa = PBXBuildFile; fileRef = 08F727C924EF6E630044BF5A /* LaunchScreen.storyboard */; };
		08F727CE24EF6E630044BF5A /* main.m in Sources */ = {isa = PBXBuildFile; fileRef = 08F727CD24EF6E630044BF5A /* main.m */; };
		E7109C0E25BD267DED0C9A2F /* Pods_LYFrameworkDemo.framework in Frameworks */ = {isa = PBXBuildFile; fileRef = C783458B4BD83C83B0F2CEED /* Pods_LYFrameworkDemo.framework */; };
/* End PBXBuildFile section */

/* Begin PBXFileReference section */
		08F727B824EF6E600044BF5A /* LYFrameworkDemo.app */ = {isa = PBXFileReference; explicitFileType = wrapper.application; includeInIndex = 0; path = LYFrameworkDemo.app; sourceTree = BUILT_PRODUCTS_DIR; };
		08F727BB24EF6E600044BF5A /* AppDelegate.h */ = {isa = PBXFileReference; lastKnownFileType = sourcecode.c.h; path = AppDelegate.h; sourceTree = "<group>"; };
		08F727BC24EF6E600044BF5A /* AppDelegate.m */ = {isa = PBXFileReference; lastKnownFileType = sourcecode.c.objc; path = AppDelegate.m; sourceTree = "<group>"; };
		08F727BE24EF6E600044BF5A /* SceneDelegate.h */ = {isa = PBXFileReference; lastKnownFileType = sourcecode.c.h; path = SceneDelegate.h; sourceTree = "<group>"; };
		08F727BF24EF6E600044BF5A /* SceneDelegate.m */ = {isa = PBXFileReference; lastKnownFileType = sourcecode.c.objc; path = SceneDelegate.m; sourceTree = "<group>"; };
		08F727C124EF6E600044BF5A /* ViewController.h */ = {isa = PBXFileReference; lastKnownFileType = sourcecode.c.h; path = ViewController.h; sourceTree = "<group>"; };
		08F727C224EF6E600044BF5A /* ViewController.m */ = {isa = PBXFileReference; lastKnownFileType = sourcecode.c.objc; path = ViewController.m; sourceTree = "<group>"; };
		08F727C524EF6E600044BF5A /* Base */ = {isa = PBXFileReference; lastKnownFileType = file.storyboard; name = Base; path = Base.lproj/Main.storyboard; sourceTree = "<group>"; };
		08F727C724EF6E630044BF5A /* Assets.xcassets */ = {isa = PBXFileReference; lastKnownFileType = folder.assetcatalog; path = Assets.xcassets; sourceTree = "<group>"; };
		08F727CA24EF6E630044BF5A /* Base */ = {isa = PBXFileReference; lastKnownFileType = file.storyboard; name = Base; path = Base.lproj/LaunchScreen.storyboard; sourceTree = "<group>"; };
		08F727CC24EF6E630044BF5A /* Info.plist */ = {isa = PBXFileReference; lastKnownFileType = text.plist.xml; path = Info.plist; sourceTree = "<group>"; };
		08F727CD24EF6E630044BF5A /* main.m */ = {isa = PBXFileReference; lastKnownFileType = sourcecode.c.objc; path = main.m; sourceTree = "<group>"; };
		41D9578EFA9CBFF6082DB117 /* Pods-LYFrameworkDemo.debug.xcconfig */ = {isa = PBXFileReference; includeInIndex = 1; lastKnownFileType = text.xcconfig; name = "Pods-LYFrameworkDemo.debug.xcconfig"; path = "Target Support Files/Pods-LYFrameworkDemo/Pods-LYFrameworkDemo.debug.xcconfig"; sourceTree = "<group>"; };
		97782664EBC988A545ECFCB0 /* Pods-LYFrameworkDemo.release.xcconfig */ = {isa = PBXFileReference; includeInIndex = 1; lastKnownFileType = text.xcconfig; name = "Pods-LYFrameworkDemo.release.xcconfig"; path = "Target Support Files/Pods-LYFrameworkDemo/Pods-LYFrameworkDemo.release.xcconfig"; sourceTree = "<group>"; };
		C783458B4BD83C83B0F2CEED /* Pods_LYFrameworkDemo.framework */ = {isa = PBXFileReference; explicitFileType = wrapper.framework; includeInIndex = 0; path = Pods_LYFrameworkDemo.framework; sourceTree = BUILT_PRODUCTS_DIR; };
/* End PBXFileReference section */

/* Begin PBXFrameworksBuildPhase section */
		08F727B524EF6E600044BF5A /* Frameworks */ = {
			isa = PBXFrameworksBuildPhase;
			buildActionMask = 2147483647;
			files = (
				E7109C0E25BD267DED0C9A2F /* Pods_LYFrameworkDemo.framework in Frameworks */,
			);
			runOnlyForDeploymentPostprocessing = 0;
		};
/* End PBXFrameworksBuildPhase section */

/* Begin PBXGroup section */
		08F727AF24EF6E600044BF5A = {
			isa = PBXGroup;
			children = (
				08F727BA24EF6E600044BF5A /* LYFrameworkDemo */,
				08F727B924EF6E600044BF5A /* Products */,
				B870E94E81B360BB41BB7504 /* Pods */,
				8561FB51C8C4656D5455C4AF /* Frameworks */,
			);
			sourceTree = "<group>";
		};
		08F727B924EF6E600044BF5A /* Products */ = {
			isa = PBXGroup;
			children = (
				08F727B824EF6E600044BF5A /* LYFrameworkDemo.app */,
			);
			name = Products;
			sourceTree = "<group>";
		};
		08F727BA24EF6E600044BF5A /* LYFrameworkDemo */ = {
			isa = PBXGroup;
			children = (
				08F727BB24EF6E600044BF5A /* AppDelegate.h */,
				08F727BC24EF6E600044BF5A /* AppDelegate.m */,
				08F727BE24EF6E600044BF5A /* SceneDelegate.h */,
				08F727BF24EF6E600044BF5A /* SceneDelegate.m */,
				08F727C124EF6E600044BF5A /* ViewController.h */,
				08F727C224EF6E600044BF5A /* ViewController.m */,
				08F727C424EF6E600044BF5A /* Main.storyboard */,
				08F727C724EF6E630044BF5A /* Assets.xcassets */,
				08F727C924EF6E630044BF5A /* LaunchScreen.storyboard */,
				08F727CC24EF6E630044BF5A /* Info.plist */,
				08F727CD24EF6E630044BF5A /* main.m */,
			);
			path = LYFrameworkDemo;
			sourceTree = "<group>";
		};
		8561FB51C8C4656D5455C4AF /* Frameworks */ = {
			isa = PBXGroup;
			children = (
				C783458B4BD83C83B0F2CEED /* Pods_LYFrameworkDemo.framework */,
			);
			name = Frameworks;
			sourceTree = "<group>";
		};
		B870E94E81B360BB41BB7504 /* Pods */ = {
			isa = PBXGroup;
			children = (
				41D9578EFA9CBFF6082DB117 /* Pods-LYFrameworkDemo.debug.xcconfig */,
				97782664EBC988A545ECFCB0 /* Pods-LYFrameworkDemo.release.xcconfig */,
			);
			name = Pods;
			path = Pods;
			sourceTree = "<group>";
		};
/* End PBXGroup section */

/* Begin PBXNativeTarget section */
		08F727B724EF6E600044BF5A /* LYFrameworkDemo */ = {
			isa = PBXNativeTarget;
			buildConfigurationList = 08F727D124EF6E630044BF5A /* Build configuration list for PBXNativeTarget "LYFrameworkDemo" */;
			buildPhases = (
				48D839F4FC96733FA01FFF89 /* [CP] Check Pods Manifest.lock */,
				08F727B424EF6E600044BF5A /* Sources */,
				08F727B524EF6E600044BF5A /* Frameworks */,
				08F727B624EF6E600044BF5A /* Resources */,
				EC482E3E47F425CA08387BDF /* [CP] Embed Pods Frameworks */,
			);
			buildRules = (
			);
			dependencies = (
			);
			name = LYFrameworkDemo;
			productName = LYFrameworkDemo;
			productReference = 08F727B824EF6E600044BF5A /* LYFrameworkDemo.app */;
			productType = "com.apple.product-type.application";
		};
/* End PBXNativeTarget section */

/* Begin PBXProject section */
		08F727B024EF6E600044BF5A /* Project object */ = {
			isa = PBXProject;
			attributes = {
				LastUpgradeCheck = 1160;
				ORGANIZATIONNAME = liuming;
				TargetAttributes = {
					08F727B724EF6E600044BF5A = {
						CreatedOnToolsVersion = 11.6;
					};
				};
			};
			buildConfigurationList = 08F727B324EF6E600044BF5A /* Build configuration list for PBXProject "LYFrameworkDemo" */;
			compatibilityVersion = "Xcode 9.3";
			developmentRegion = en;
			hasScannedForEncodings = 0;
			knownRegions = (
				en,
				Base,
			);
			mainGroup = 08F727AF24EF6E600044BF5A;
			productRefGroup = 08F727B924EF6E600044BF5A /* Products */;
			projectDirPath = "";
			projectRoot = "";
			targets = (
				08F727B724EF6E600044BF5A /* LYFrameworkDemo */,
			);
		};
/* End PBXProject section */

/* Begin PBXResourcesBuildPhase section */
		08F727B624EF6E600044BF5A /* Resources */ = {
			isa = PBXResourcesBuildPhase;
			buildActionMask = 2147483647;
			files = (
				08F727CB24EF6E630044BF5A /* LaunchScreen.storyboard in Resources */,
				08F727C824EF6E630044BF5A /* Assets.xcassets in Resources */,
				08F727C624EF6E600044BF5A /* Main.storyboard in Resources */,
			);
			runOnlyForDeploymentPostprocessing = 0;
		};
/* End PBXResourcesBuildPhase section */

/* Begin PBXShellScriptBuildPhase section */
		48D839F4FC96733FA01FFF89 /* [CP] Check Pods Manifest.lock */ = {
			isa = PBXShellScriptBuildPhase;
			buildActionMask = 2147483647;
			files = (
			);
			inputFileListPaths = (
			);
			inputPaths = (
				"${PODS_PODFILE_DIR_PATH}/Podfile.lock",
				"${PODS_ROOT}/Manifest.lock",
			);
			name = "[CP] Check Pods Manifest.lock";
			outputFileListPaths = (
			);
			outputPaths = (
				"$(DERIVED_FILE_DIR)/Pods-LYFrameworkDemo-checkManifestLockResult.txt",
			);
			runOnlyForDeploymentPostprocessing = 0;
			shellPath = /bin/sh;
			shellScript = "diff \"${PODS_PODFILE_DIR_PATH}/Podfile.lock\" \"${PODS_ROOT}/Manifest.lock\" > /dev/null\nif [ $? != 0 ] ; then\n    # print error to STDERR\n    echo \"error: The sandbox is not in sync with the Podfile.lock. Run 'pod install' or update your CocoaPods installation.\" >&2\n    exit 1\nfi\n# This output is used by Xcode 'outputs' to avoid re-running this script phase.\necho \"SUCCESS\" > \"${SCRIPT_OUTPUT_FILE_0}\"\n";
			showEnvVarsInLog = 0;
		};
		EC482E3E47F425CA08387BDF /* [CP] Embed Pods Frameworks */ = {
			isa = PBXShellScriptBuildPhase;
			buildActionMask = 2147483647;
			files = (
			);
			inputFileListPaths = (
				"${PODS_ROOT}/Target Support Files/Pods-LYFrameworkDemo/Pods-LYFrameworkDemo-frameworks-${CONFIGURATION}-input-files.xcfilelist",
			);
			name = "[CP] Embed Pods Frameworks";
			outputFileListPaths = (
				"${PODS_ROOT}/Target Support Files/Pods-LYFrameworkDemo/Pods-LYFrameworkDemo-frameworks-${CONFIGURATION}-output-files.xcfilelist",
			);
			runOnlyForDeploymentPostprocessing = 0;
			shellPath = /bin/sh;
			shellScript = "\"${PODS_ROOT}/Target Support Files/Pods-LYFrameworkDemo/Pods-LYFrameworkDemo-frameworks.sh\"\n";
			showEnvVarsInLog = 0;
		};
/* End PBXShellScriptBuildPhase section */

/* Begin PBXSourcesBuildPhase section */
		08F727B424EF6E600044BF5A /* Sources */ = {
			isa = PBXSourcesBuildPhase;
			buildActionMask = 2147483647;
			files = (
				08F727C324EF6E600044BF5A /* ViewController.m in Sources */,
				08F727BD24EF6E600044BF5A /* AppDelegate.m in Sources */,
				08F727CE24EF6E630044BF5A /* main.m in Sources */,
				08F727C024EF6E600044BF5A /* SceneDelegate.m in Sources */,
			);
			runOnlyForDeploymentPostprocessing = 0;
		};
/* End PBXSourcesBuildPhase section */

/* Begin PBXVariantGroup section */
		08F727C424EF6E600044BF5A /* Main.storyboard */ = {
			isa = PBXVariantGroup;
			children = (
				08F727C524EF6E600044BF5A /* Base */,
			);
			name = Main.storyboard;
			sourceTree = "<group>";
		};
		08F727C924EF6E630044BF5A /* LaunchScreen.storyboard */ = {
			isa = PBXVariantGroup;
			children = (
				08F727CA24EF6E630044BF5A /* Base */,
			);
			name = LaunchScreen.storyboard;
			sourceTree = "<group>";
		};
/* End PBXVariantGroup section */

/* Begin XCBuildConfiguration section */
		08F727CF24EF6E630044BF5A /* Debug */ = {
			isa = XCBuildConfiguration;
			buildSettings = {
				ALWAYS_SEARCH_USER_PATHS = NO;
				CLANG_ANALYZER_NONNULL = YES;
				CLANG_ANALYZER_NUMBER_OBJECT_CONVERSION = YES_AGGRESSIVE;
				CLANG_CXX_LANGUAGE_STANDARD = "gnu++14";
				CLANG_CXX_LIBRARY = "libc++";
				CLANG_ENABLE_MODULES = YES;
				CLANG_ENABLE_OBJC_ARC = YES;
				CLANG_ENABLE_OBJC_WEAK = YES;
				CLANG_WARN_BLOCK_CAPTURE_AUTORELEASING = YES;
				CLANG_WARN_BOOL_CONVERSION = YES;
				CLANG_WARN_COMMA = YES;
				CLANG_WARN_CONSTANT_CONVERSION = YES;
				CLANG_WARN_DEPRECATED_OBJC_IMPLEMENTATIONS = YES;
				CLANG_WARN_DIRECT_OBJC_ISA_USAGE = YES_ERROR;
				CLANG_WARN_DOCUMENTATION_COMMENTS = YES;
				CLANG_WARN_EMPTY_BODY = YES;
				CLANG_WARN_ENUM_CONVERSION = YES;
				CLANG_WARN_INFINITE_RECURSION = YES;
				CLANG_WARN_INT_CONVERSION = YES;
				CLANG_WARN_NON_LITERAL_NULL_CONVERSION = YES;
				CLANG_WARN_OBJC_IMPLICIT_RETAIN_SELF = YES;
				CLANG_WARN_OBJC_LITERAL_CONVERSION = YES;
				CLANG_WARN_OBJC_ROOT_CLASS = YES_ERROR;
				CLANG_WARN_RANGE_LOOP_ANALYSIS = YES;
				CLANG_WARN_STRICT_PROTOTYPES = YES;
				CLANG_WARN_SUSPICIOUS_MOVE = YES;
				CLANG_WARN_UNGUARDED_AVAILABILITY = YES_AGGRESSIVE;
				CLANG_WARN_UNREACHABLE_CODE = YES;
				CLANG_WARN__DUPLICATE_METHOD_MATCH = YES;
				COPY_PHASE_STRIP = NO;
				DEBUG_INFORMATION_FORMAT = dwarf;
				ENABLE_STRICT_OBJC_MSGSEND = YES;
				ENABLE_TESTABILITY = YES;
				GCC_C_LANGUAGE_STANDARD = gnu11;
				GCC_DYNAMIC_NO_PIC = NO;
				GCC_NO_COMMON_BLOCKS = YES;
				GCC_OPTIMIZATION_LEVEL = 0;
				GCC_PREPROCESSOR_DEFINITIONS = (
					"DEBUG=1",
					"$(inherited)",
				);
				GCC_WARN_64_TO_32_BIT_CONVERSION = YES;
				GCC_WARN_ABOUT_RETURN_TYPE = YES_ERROR;
				GCC_WARN_UNDECLARED_SELECTOR = YES;
				GCC_WARN_UNINITIALIZED_AUTOS = YES_AGGRESSIVE;
				GCC_WARN_UNUSED_FUNCTION = YES;
				GCC_WARN_UNUSED_VARIABLE = YES;
				IPHONEOS_DEPLOYMENT_TARGET = 13.6;
				MTL_ENABLE_DEBUG_INFO = INCLUDE_SOURCE;
				MTL_FAST_MATH = YES;
				ONLY_ACTIVE_ARCH = YES;
				SDKROOT = iphoneos;
			};
			name = Debug;
		};
		08F727D024EF6E630044BF5A /* Release */ = {
			isa = XCBuildConfiguration;
			buildSettings = {
				ALWAYS_SEARCH_USER_PATHS = NO;
				CLANG_ANALYZER_NONNULL = YES;
				CLANG_ANALYZER_NUMBER_OBJECT_CONVERSION = YES_AGGRESSIVE;
				CLANG_CXX_LANGUAGE_STANDARD = "gnu++14";
				CLANG_CXX_LIBRARY = "libc++";
				CLANG_ENABLE_MODULES = YES;
				CLANG_ENABLE_OBJC_ARC = YES;
				CLANG_ENABLE_OBJC_WEAK = YES;
				CLANG_WARN_BLOCK_CAPTURE_AUTORELEASING = YES;
				CLANG_WARN_BOOL_CONVERSION = YES;
				CLANG_WARN_COMMA = YES;
				CLANG_WARN_CONSTANT_CONVERSION = YES;
				CLANG_WARN_DEPRECATED_OBJC_IMPLEMENTATIONS = YES;
				CLANG_WARN_DIRECT_OBJC_ISA_USAGE = YES_ERROR;
				CLANG_WARN_DOCUMENTATION_COMMENTS = YES;
				CLANG_WARN_EMPTY_BODY = YES;
				CLANG_WARN_ENUM_CONVERSION = YES;
				CLANG_WARN_INFINITE_RECURSION = YES;
				CLANG_WARN_INT_CONVERSION = YES;
				CLANG_WARN_NON_LITERAL_NULL_CONVERSION = YES;
				CLANG_WARN_OBJC_IMPLICIT_RETAIN_SELF = YES;
				CLANG_WARN_OBJC_LITERAL_CONVERSION = YES;
				CLANG_WARN_OBJC_ROOT_CLASS = YES_ERROR;
				CLANG_WARN_RANGE_LOOP_ANALYSIS = YES;
				CLANG_WARN_STRICT_PROTOTYPES = YES;
				CLANG_WARN_SUSPICIOUS_MOVE = YES;
				CLANG_WARN_UNGUARDED_AVAILABILITY = YES_AGGRESSIVE;
				CLANG_WARN_UNREACHABLE_CODE = YES;
				CLANG_WARN__DUPLICATE_METHOD_MATCH = YES;
				COPY_PHASE_STRIP = NO;
				DEBUG_INFORMATION_FORMAT = "dwarf-with-dsym";
				ENABLE_NS_ASSERTIONS = NO;
				ENABLE_STRICT_OBJC_MSGSEND = YES;
				GCC_C_LANGUAGE_STANDARD = gnu11;
				GCC_NO_COMMON_BLOCKS = YES;
				GCC_WARN_64_TO_32_BIT_CONVERSION = YES;
				GCC_WARN_ABOUT_RETURN_TYPE = YES_ERROR;
				GCC_WARN_UNDECLARED_SELECTOR = YES;
				GCC_WARN_UNINITIALIZED_AUTOS = YES_AGGRESSIVE;
				GCC_WARN_UNUSED_FUNCTION = YES;
				GCC_WARN_UNUSED_VARIABLE = YES;
				IPHONEOS_DEPLOYMENT_TARGET = 13.6;
				MTL_ENABLE_DEBUG_INFO = NO;
				MTL_FAST_MATH = YES;
				SDKROOT = iphoneos;
				VALIDATE_PRODUCT = YES;
			};
			name = Release;
		};
		08F727D224EF6E630044BF5A /* Debug */ = {
			isa = XCBuildConfiguration;
			baseConfigurationReference = 41D9578EFA9CBFF6082DB117 /* Pods-LYFrameworkDemo.debug.xcconfig */;
			buildSettings = {
				ASSETCATALOG_COMPILER_APPICON_NAME = AppIcon;
				CODE_SIGN_STYLE = Automatic;
				INFOPLIST_FILE = LYFrameworkDemo/Info.plist;
				LD_RUNPATH_SEARCH_PATHS = (
					"$(inherited)",
					"@executable_path/Frameworks",
				);
				PRODUCT_BUNDLE_IDENTIFIER = com.liuming.LYFrameworkDemo;
				PRODUCT_NAME = "$(TARGET_NAME)";
				TARGETED_DEVICE_FAMILY = "1,2";
			};
			name = Debug;
		};
		08F727D324EF6E630044BF5A /* Release */ = {
			isa = XCBuildConfiguration;
			baseConfigurationReference = 97782664EBC988A545ECFCB0 /* Pods-LYFrameworkDemo.release.xcconfig */;
			buildSettings = {
				ASSETCATALOG_COMPILER_APPICON_NAME = AppIcon;
				CODE_SIGN_STYLE = Automatic;
				INFOPLIST_FILE = LYFrameworkDemo/Info.plist;
				LD_RUNPATH_SEARCH_PATHS = (
					"$(inherited)",
					"@executable_path/Frameworks",
				);
				PRODUCT_BUNDLE_IDENTIFIER = com.liuming.LYFrameworkDemo;
				PRODUCT_NAME = "$(TARGET_NAME)";
				TARGETED_DEVICE_FAMILY = "1,2";
			};
			name = Release;
		};
/* End XCBuildConfiguration section */

/* Begin XCConfigurationList section */
		08F727B324EF6E600044BF5A /* Build configuration list for PBXProject "LYFrameworkDemo" */ = {
			isa = XCConfigurationList;
			buildConfigurations = (
				08F727CF24EF6E630044BF5A /* Debug */,
				08F727D024EF6E630044BF5A /* Release */,
			);
			defaultConfigurationIsVisible = 0;
			defaultConfigurationName = Release;
		};
		08F727D124EF6E630044BF5A /* Build configuration list for PBXNativeTarget "LYFrameworkDemo" */ = {
			isa = XCConfigurationList;
			buildConfigurations = (
				08F727D224EF6E630044BF5A /* Debug */,
				08F727D324EF6E630044BF5A /* Release */,
			);
			defaultConfigurationIsVisible = 0;
			defaultConfigurationName = Release;
		};
/* End XCConfigurationList section */
	};
	rootObject = 08F727B024EF6E600044BF5A /* Project object */;
}
