PODS:
  - LYFramework (0.0.1):
    - LYFramework/LYAutoLayout (= 0.0.1)
    - LYFramework/LYFoundationCategory (= 0.0.1)
    - LYFramework/LYThemeKit (= 0.0.1)
    - LYFramework/LYUICategory (= 0.0.1)
  - LYFramework/LYAutoLayout (0.0.1):
    - SDAutoLayout (~> 2.2.1)
  - LYFramework/LYFoundationCategory (0.0.1)
  - LYFramework/LYThemeKit (0.0.1)
  - LYFramework/LYUICategory (0.0.1)
  - SDAutoLayout (2.2.1)

DEPENDENCIES:
  - LYFramework (from `../../`)

SPEC REPOS:
  trunk:
    - SDAutoLayout

EXTERNAL SOURCES:
  LYFramework:
    :path: "../../"

SPEC CHECKSUMS:
  LYFramework: 524a32240e975b6e40a585378ccdb060a38bcd02
  SDAutoLayout: 8bf6b3bbc8b01f775d4defbb4fda2ace805461be

PODFILE CHECKSUM: 3d4ae3dd6f633d967863b0e8c61e0ea379253c00

COCOAPODS: 1.9.3
